
Microsoft Visual Studio Solution File, Format Version 12.00
# Visual Studio Version 17
VisualStudioVersion = 17.8.34330.188
MinimumVisualStudioVersion = 10.0.40219.1
Project("{FAE04EC0-301F-11D3-BF4B-00C04F79EFBC}") = "ConsoleApp1", "ConsoleApp1.csproj", "{1FFEC6A9-84BD-46B6-891E-C7509E4E345B}"
EndProject
Global
	GlobalSection(SolutionConfigurationPlatforms) = preSolution
		Debug|Any CPU = Debug|Any CPU
		Release|Any CPU = Release|Any CPU
	EndGlobalSection
	GlobalSection(ProjectConfigurationPlatforms) = postSolution
		{1FFEC6A9-84BD-46B6-891E-C7509E4E345B}.Debug|Any CPU.ActiveCfg = Debug|Any CPU
		{1FFEC6A9-84BD-46B6-891E-C7509E4E345B}.Debug|Any CPU.Build.0 = Debug|Any CPU
		{1FFEC6A9-84BD-46B6-891E-C7509E4E345B}.Release|Any CPU.ActiveCfg = Release|Any CPU
		{1FFEC6A9-84BD-46B6-891E-C7509E4E345B}.Release|Any CPU.Build.0 = Release|Any CPU
	EndGlobalSection
	GlobalSection(SolutionProperties) = preSolution
		HideSolutionNode = FALSE
	EndGlobalSection
	GlobalSection(ExtensibilityGlobals) = postSolution
		SolutionGuid = {1DA8804D-47AA-4E93-85B4-21DF0C0F5989}
	EndGlobalSection
EndGlobal
